{
  "originHash" : "ed951c92f002816c9953272f4d036c848dd0700afb2cf89b5b89b53860816163",
  "pins" : [
    {
      "identity" : "claudeforfoundationmodels",
      "kind" : "remoteSourceControl",
      "location" : "https://github.com/anthropics/ClaudeForFoundationModels.git",
      "state" : {
        "revision" : "410f5e4546fa0f9bd8bb926b77257725af81c9f7",
        "version" : "0.1.4"
      }
    },
    {
      "identity" : "keychain-swift",
      "kind" : "remoteSourceControl",
      "location" : "https://github.com/evgenyneu/keychain-swift.git",
      "state" : {
        "revision" : "5e1b02b6a9dac2a759a1d5dbc175c86bd192a608",
        "version" : "24.0.0"
      }
    }
  ],
  "version" : 3
}
